
Microsoft Visual Studio Solution File, Format Version 12.00
# Visual Studio Version 17
VisualStudioVersion = 17.5.33516.290
MinimumVisualStudioVersion = 10.0.40219.1
Project("{FAE04EC0-301F-11D3-BF4B-00C04F79EFBC}") = "bangnaAPI", "bangnaAPI.csproj", "{AD6E3EDA-8294-4563-AAB7-29AFEFB3A513}"
EndProject
Global
	GlobalSection(SolutionConfigurationPlatforms) = preSolution
		Debug|Any CPU = Debug|Any CPU
		Release|Any CPU = Release|Any CPU
	EndGlobalSection
	GlobalSection(ProjectConfigurationPlatforms) = postSolution
		{AD6E3EDA-8294-4563-AAB7-29AFEFB3A513}.Debug|Any CPU.ActiveCfg = Debug|Any CPU
		{AD6E3EDA-8294-4563-AAB7-29AFEFB3A513}.Debug|Any CPU.Build.0 = Debug|Any CPU
		{AD6E3EDA-8294-4563-AAB7-29AFEFB3A513}.Release|Any CPU.ActiveCfg = Release|Any CPU
		{AD6E3EDA-8294-4563-AAB7-29AFEFB3A513}.Release|Any CPU.Build.0 = Release|Any CPU
	EndGlobalSection
	GlobalSection(SolutionProperties) = preSolution
		HideSolutionNode = FALSE
	EndGlobalSection
	GlobalSection(ExtensibilityGlobals) = postSolution
		SolutionGuid = {1DABB225-FFF5-4568-B407-90CDA5E8304B}
	EndGlobalSection
EndGlobal
